// !$*UTF8*$!
{
	archiveVersion = 1;
	classes = {
	};
	objectVersion = 56;
	objects = {

/* Begin PBXBuildFile section */
		432AFC5C2A351ACF0051F80A /* ContentViewModel.swift in Sources */ = {isa = PBXBuildFile; fileRef = 432AFC5B2A351ACF0051F80A /* ContentViewModel.swift */; };
		432AFC5E2A3521100051F80A /* ToolbarItems.swift in Sources */ = {isa = PBXBuildFile; fileRef = 432AFC5D2A3521100051F80A /* ToolbarItems.swift */; };
		432AFC602A353F150051F80A /* Activity.swift in Sources */ = {isa = PBXBuildFile; fileRef = 432AFC5F2A353F150051F80A /* Activity.swift */; };
		432B99182A3B673C00626248 /* Networking.swift in Sources */ = {isa = PBXBuildFile; fileRef = 432B99172A3B673C00626248 /* Networking.swift */; };
		432B991E2A3B77A500626248 /* fakeDay.html in Resources */ = {isa = PBXBuildFile; fileRef = 432B991D2A3B77A500626248 /* fakeDay.html */; };
		432B991F2A3B7C5C00626248 /* fakeDay.html in Resources */ = {isa = PBXBuildFile; fileRef = 432B991D2A3B77A500626248 /* fakeDay.html */; };
		432B99212A3B831800626248 /* Scraper.swift in Sources */ = {isa = PBXBuildFile; fileRef = 432B99202A3B831800626248 /* Scraper.swift */; };
		434136772A36E0A6000DE25D /* NoContentView.swift in Sources */ = {isa = PBXBuildFile; fileRef = 434136762A36E0A6000DE25D /* NoContentView.swift */; };
		434136792A36E232000DE25D /* LoadingView.swift in Sources */ = {isa = PBXBuildFile; fileRef = 434136782A36E232000DE25D /* LoadingView.swift */; };
		437987522A3378B900D80AC4 /* GWActivitiesApp.swift in Sources */ = {isa = PBXBuildFile; fileRef = 437987512A3378B900D80AC4 /* GWActivitiesApp.swift */; };
		437987542A3378B900D80AC4 /* ContentView.swift in Sources */ = {isa = PBXBuildFile; fileRef = 437987532A3378B900D80AC4 /* ContentView.swift */; };
		437987562A3378BA00D80AC4 /* Assets.xcassets in Resources */ = {isa = PBXBuildFile; fileRef = 437987552A3378BA00D80AC4 /* Assets.xcassets */; };
		437987592A3378BA00D80AC4 /* Preview Assets.xcassets in Resources */ = {isa = PBXBuildFile; fileRef = 437987582A3378BA00D80AC4 /* Preview Assets.xcassets */; };
		437987642A33791A00D80AC4 /* DayActivity.swift in Sources */ = {isa = PBXBuildFile; fileRef = 437987632A33791A00D80AC4 /* DayActivity.swift */; };
		437987662A33799600D80AC4 /* PreviewMockedData.swift in Sources */ = {isa = PBXBuildFile; fileRef = 437987652A33799600D80AC4 /* PreviewMockedData.swift */; };
		437987692A337A6C00D80AC4 /* DayActivitiesView.swift in Sources */ = {isa = PBXBuildFile; fileRef = 437987682A337A6C00D80AC4 /* DayActivitiesView.swift */; };
		4379876E2A337CEB00D80AC4 /* SwiftSoup in Frameworks */ = {isa = PBXBuildFile; productRef = 4379876D2A337CEB00D80AC4 /* SwiftSoup */; };
		438C5C6D2A36C34000A37DA4 /* GWActivitiesTests.swift in Sources */ = {isa = PBXBuildFile; fileRef = 438C5C6C2A36C34000A37DA4 /* GWActivitiesTests.swift */; };
		438C5C742A36C3B600A37DA4 /* ScraperTests.swift in Sources */ = {isa = PBXBuildFile; fileRef = 438C5C732A36C3B600A37DA4 /* ScraperTests.swift */; };
		43AFFE522A3632B0007D0C19 /* WeekActivity.swift in Sources */ = {isa = PBXBuildFile; fileRef = 43AFFE512A3632B0007D0C19 /* WeekActivity.swift */; };
		43AFFE542A3692BE007D0C19 /* WeekActivitiesView.swift in Sources */ = {isa = PBXBuildFile; fileRef = 43AFFE532A3692BE007D0C19 /* WeekActivitiesView.swift */; };
/* End PBXBuildFile section */

/* Begin PBXContainerItemProxy section */
		438C5C6E2A36C34000A37DA4 /* PBXContainerItemProxy */ = {
			isa = PBXContainerItemProxy;
			containerPortal = 437987462A3378B900D80AC4 /* Project object */;
			proxyType = 1;
			remoteGlobalIDString = 4379874D2A3378B900D80AC4;
			remoteInfo = GWActivities;
		};
/* End PBXContainerItemProxy section */

/* Begin PBXFileReference section */
		432AFC5B2A351ACF0051F80A /* ContentViewModel.swift */ = {isa = PBXFileReference; lastKnownFileType = sourcecode.swift; path = ContentViewModel.swift; sourceTree = "<group>"; };
		432AFC5D2A3521100051F80A /* ToolbarItems.swift */ = {isa = PBXFileReference; lastKnownFileType = sourcecode.swift; path = ToolbarItems.swift; sourceTree = "<group>"; };
		432AFC5F2A353F150051F80A /* Activity.swift */ = {isa = PBXFileReference; lastKnownFileType = sourcecode.swift; path = Activity.swift; sourceTree = "<group>"; };
		432AFC652A35871A0051F80A /* README.md */ = {isa = PBXFileReference; explicitFileType = net.daringfireball.markdown; path = README.md; sourceTree = "<group>"; };
		432B99172A3B673C00626248 /* Networking.swift */ = {isa = PBXFileReference; lastKnownFileType = sourcecode.swift; path = Networking.swift; sourceTree = "<group>"; };
		432B991D2A3B77A500626248 /* fakeDay.html */ = {isa = PBXFileReference; fileEncoding = 4; lastKnownFileType = text.html; path = fakeDay.html; sourceTree = "<group>"; };
		432B99202A3B831800626248 /* Scraper.swift */ = {isa = PBXFileReference; fileEncoding = 4; lastKnownFileType = sourcecode.swift; path = Scraper.swift; sourceTree = "<group>"; };
		434136762A36E0A6000DE25D /* NoContentView.swift */ = {isa = PBXFileReference; lastKnownFileType = sourcecode.swift; path = NoContentView.swift; sourceTree = "<group>"; };
		434136782A36E232000DE25D /* LoadingView.swift */ = {isa = PBXFileReference; lastKnownFileType = sourcecode.swift; path = LoadingView.swift; sourceTree = "<group>"; };
		4379874E2A3378B900D80AC4 /* GWActivities.app */ = {isa = PBXFileReference; explicitFileType = wrapper.application; includeInIndex = 0; path = GWActivities.app; sourceTree = BUILT_PRODUCTS_DIR; };
		437987512A3378B900D80AC4 /* GWActivitiesApp.swift */ = {isa = PBXFileReference; lastKnownFileType = sourcecode.swift; path = GWActivitiesApp.swift; sourceTree = "<group>"; };
		437987532A3378B900D80AC4 /* ContentView.swift */ = {isa = PBXFileReference; lastKnownFileType = sourcecode.swift; path = ContentView.swift; sourceTree = "<group>"; };
		437987552A3378BA00D80AC4 /* Assets.xcassets */ = {isa = PBXFileReference; lastKnownFileType = folder.assetcatalog; path = Assets.xcassets; sourceTree = "<group>"; };
		437987582A3378BA00D80AC4 /* Preview Assets.xcassets */ = {isa = PBXFileReference; lastKnownFileType = folder.assetcatalog; path = "Preview Assets.xcassets"; sourceTree = "<group>"; };
		4379875A2A3378BA00D80AC4 /* GWActivities.entitlements */ = {isa = PBXFileReference; lastKnownFileType = text.plist.entitlements; path = GWActivities.entitlements; sourceTree = "<group>"; };
		437987632A33791A00D80AC4 /* DayActivity.swift */ = {isa = PBXFileReference; lastKnownFileType = sourcecode.swift; path = DayActivity.swift; sourceTree = "<group>"; };
		437987652A33799600D80AC4 /* PreviewMockedData.swift */ = {isa = PBXFileReference; lastKnownFileType = sourcecode.swift; path = PreviewMockedData.swift; sourceTree = "<group>"; };
		437987682A337A6C00D80AC4 /* DayActivitiesView.swift */ = {isa = PBXFileReference; lastKnownFileType = sourcecode.swift; path = DayActivitiesView.swift; sourceTree = "<group>"; };
		438C5C6A2A36C34000A37DA4 /* GWActivitiesTests.xctest */ = {isa = PBXFileReference; explicitFileType = wrapper.cfbundle; includeInIndex = 0; path = GWActivitiesTests.xctest; sourceTree = BUILT_PRODUCTS_DIR; };
		438C5C6C2A36C34000A37DA4 /* GWActivitiesTests.swift */ = {isa = PBXFileReference; lastKnownFileType = sourcecode.swift; path = GWActivitiesTests.swift; sourceTree = "<group>"; };
		438C5C732A36C3B600A37DA4 /* ScraperTests.swift */ = {isa = PBXFileReference; lastKnownFileType = sourcecode.swift; path = ScraperTests.swift; sourceTree = "<group>"; };
		43AFFE512A3632B0007D0C19 /* WeekActivity.swift */ = {isa = PBXFileReference; lastKnownFileType = sourcecode.swift; path = WeekActivity.swift; sourceTree = "<group>"; };
		43AFFE532A3692BE007D0C19 /* WeekActivitiesView.swift */ = {isa = PBXFileReference; lastKnownFileType = sourcecode.swift; path = WeekActivitiesView.swift; sourceTree = "<group>"; };
/* End PBXFileReference section */

/* Begin PBXFrameworksBuildPhase section */
		4379874B2A3378B900D80AC4 /* Frameworks */ = {
			isa = PBXFrameworksBuildPhase;
			buildActionMask = 2147483647;
			files = (
				4379876E2A337CEB00D80AC4 /* SwiftSoup in Frameworks */,
			);
			runOnlyForDeploymentPostprocessing = 0;
		};
		438C5C672A36C34000A37DA4 /* Frameworks */ = {
			isa = PBXFrameworksBuildPhase;
			buildActionMask = 2147483647;
			files = (
			);
			runOnlyForDeploymentPostprocessing = 0;
		};
/* End PBXFrameworksBuildPhase section */

/* Begin PBXGroup section */
		432AFC552A34CB140051F80A /* ViewModel */ = {
			isa = PBXGroup;
			children = (
				432AFC5B2A351ACF0051F80A /* ContentViewModel.swift */,
			);
			path = ViewModel;
			sourceTree = "<group>";
		};
		432AFC622A3585CE0051F80A /* Resources */ = {
			isa = PBXGroup;
			children = (
				437987572A3378BA00D80AC4 /* Preview Content */,
				4379875A2A3378BA00D80AC4 /* GWActivities.entitlements */,
				437987552A3378BA00D80AC4 /* Assets.xcassets */,
			);
			name = Resources;
			sourceTree = "<group>";
		};
		437987452A3378B900D80AC4 = {
			isa = PBXGroup;
			children = (
				432AFC652A35871A0051F80A /* README.md */,
				437987502A3378B900D80AC4 /* GWActivities */,
				438C5C6B2A36C34000A37DA4 /* GWActivitiesTests */,
				4379874F2A3378B900D80AC4 /* Products */,
			);
			sourceTree = "<group>";
		};
		4379874F2A3378B900D80AC4 /* Products */ = {
			isa = PBXGroup;
			children = (
				4379874E2A3378B900D80AC4 /* GWActivities.app */,
				438C5C6A2A36C34000A37DA4 /* GWActivitiesTests.xctest */,
			);
			name = Products;
			sourceTree = "<group>";
		};
		437987502A3378B900D80AC4 /* GWActivities */ = {
			isa = PBXGroup;
			children = (
				437987512A3378B900D80AC4 /* GWActivitiesApp.swift */,
				437987672A337A4400D80AC4 /* View */,
				432AFC552A34CB140051F80A /* ViewModel */,
				437987622A33790800D80AC4 /* Model */,
				432AFC622A3585CE0051F80A /* Resources */,
			);
			path = GWActivities;
			sourceTree = "<group>";
		};
		437987572A3378BA00D80AC4 /* Preview Content */ = {
			isa = PBXGroup;
			children = (
				437987582A3378BA00D80AC4 /* Preview Assets.xcassets */,
				437987652A33799600D80AC4 /* PreviewMockedData.swift */,
			);
			path = "Preview Content";
			sourceTree = "<group>";
		};
		437987622A33790800D80AC4 /* Model */ = {
			isa = PBXGroup;
			children = (
				437987632A33791A00D80AC4 /* DayActivity.swift */,
				43AFFE512A3632B0007D0C19 /* WeekActivity.swift */,
				432B99172A3B673C00626248 /* Networking.swift */,
				432B99202A3B831800626248 /* Scraper.swift */,
				432AFC5F2A353F150051F80A /* Activity.swift */,
			);
			path = Model;
			sourceTree = "<group>";
		};
		437987672A337A4400D80AC4 /* View */ = {
			isa = PBXGroup;
			children = (
				437987532A3378B900D80AC4 /* ContentView.swift */,
				437987682A337A6C00D80AC4 /* DayActivitiesView.swift */,
				43AFFE532A3692BE007D0C19 /* WeekActivitiesView.swift */,
				43AFFE4E2A35A80C007D0C19 /* Components */,
			);
			path = View;
			sourceTree = "<group>";
		};
		438C5C6B2A36C34000A37DA4 /* GWActivitiesTests */ = {
			isa = PBXGroup;
			children = (
				432B991D2A3B77A500626248 /* fakeDay.html */,
				438C5C6C2A36C34000A37DA4 /* GWActivitiesTests.swift */,
				438C5C732A36C3B600A37DA4 /* ScraperTests.swift */,
			);
			path = GWActivitiesTests;
			sourceTree = "<group>";
		};
		43AFFE4E2A35A80C007D0C19 /* Components */ = {
			isa = PBXGroup;
			children = (
				434136762A36E0A6000DE25D /* NoContentView.swift */,
				434136782A36E232000DE25D /* LoadingView.swift */,
				432AFC5D2A3521100051F80A /* ToolbarItems.swift */,
			);
			name = Components;
			sourceTree = "<group>";
		};
/* End PBXGroup section */

/* Begin PBXNativeTarget section */
		4379874D2A3378B900D80AC4 /* GWActivities */ = {
			isa = PBXNativeTarget;
			buildConfigurationList = 4379875D2A3378BA00D80AC4 /* Build configuration list for PBXNativeTarget "GWActivities" */;
			buildPhases = (
				4379874A2A3378B900D80AC4 /* Sources */,
				4379874B2A3378B900D80AC4 /* Frameworks */,
				4379874C2A3378B900D80AC4 /* Resources */,
			);
			buildRules = (
			);
			dependencies = (
			);
			name = GWActivities;
			packageProductDependencies = (
				4379876D2A337CEB00D80AC4 /* SwiftSoup */,
			);
			productName = GWActivities;
			productReference = 4379874E2A3378B900D80AC4 /* GWActivities.app */;
			productType = "com.apple.product-type.application";
		};
		438C5C692A36C34000A37DA4 /* GWActivitiesTests */ = {
			isa = PBXNativeTarget;
			buildConfigurationList = 438C5C722A36C34000A37DA4 /* Build configuration list for PBXNativeTarget "GWActivitiesTests" */;
			buildPhases = (
				438C5C662A36C34000A37DA4 /* Sources */,
				438C5C672A36C34000A37DA4 /* Frameworks */,
				438C5C682A36C34000A37DA4 /* Resources */,
			);
			buildRules = (
			);
			dependencies = (
				438C5C6F2A36C34000A37DA4 /* PBXTargetDependency */,
			);
			name = GWActivitiesTests;
			productName = GWActivitiesTests;
			productReference = 438C5C6A2A36C34000A37DA4 /* GWActivitiesTests.xctest */;
			productType = "com.apple.product-type.bundle.unit-test";
		};
/* End PBXNativeTarget section */

/* Begin PBXProject section */
		437987462A3378B900D80AC4 /* Project object */ = {
			isa = PBXProject;
			attributes = {
				BuildIndependentTargetsInParallel = 1;
				LastSwiftUpdateCheck = 1430;
				LastUpgradeCheck = 1430;
				TargetAttributes = {
					4379874D2A3378B900D80AC4 = {
						CreatedOnToolsVersion = 14.3.1;
					};
					438C5C692A36C34000A37DA4 = {
						CreatedOnToolsVersion = 14.3.1;
						TestTargetID = 4379874D2A3378B900D80AC4;
					};
				};
			};
			buildConfigurationList = 437987492A3378B900D80AC4 /* Build configuration list for PBXProject "GWActivities" */;
			compatibilityVersion = "Xcode 14.0";
			developmentRegion = en;
			hasScannedForEncodings = 0;
			knownRegions = (
				en,
				Base,
			);
			mainGroup = 437987452A3378B900D80AC4;
			packageReferences = (
				4379876C2A337CEB00D80AC4 /* XCRemoteSwiftPackageReference "SwiftSoup" */,
			);
			productRefGroup = 4379874F2A3378B900D80AC4 /* Products */;
			projectDirPath = "";
			projectRoot = "";
			targets = (
				4379874D2A3378B900D80AC4 /* GWActivities */,
				438C5C692A36C34000A37DA4 /* GWActivitiesTests */,
			);
		};
/* End PBXProject section */

/* Begin PBXResourcesBuildPhase section */
		4379874C2A3378B900D80AC4 /* Resources */ = {
			isa = PBXResourcesBuildPhase;
			buildActionMask = 2147483647;
			files = (
				437987592A3378BA00D80AC4 /* Preview Assets.xcassets in Resources */,
				432B991F2A3B7C5C00626248 /* fakeDay.html in Resources */,
				437987562A3378BA00D80AC4 /* Assets.xcassets in Resources */,
			);
			runOnlyForDeploymentPostprocessing = 0;
		};
		438C5C682A36C34000A37DA4 /* Resources */ = {
			isa = PBXResourcesBuildPhase;
			buildActionMask = 2147483647;
			files = (
				432B991E2A3B77A500626248 /* fakeDay.html in Resources */,
			);
			runOnlyForDeploymentPostprocessing = 0;
		};
/* End PBXResourcesBuildPhase section */

/* Begin PBXSourcesBuildPhase section */
		4379874A2A3378B900D80AC4 /* Sources */ = {
			isa = PBXSourcesBuildPhase;
			buildActionMask = 2147483647;
			files = (
				432B99212A3B831800626248 /* Scraper.swift in Sources */,
				43AFFE522A3632B0007D0C19 /* WeekActivity.swift in Sources */,
				434136772A36E0A6000DE25D /* NoContentView.swift in Sources */,
				437987542A3378B900D80AC4 /* ContentView.swift in Sources */,
				437987662A33799600D80AC4 /* PreviewMockedData.swift in Sources */,
				432AFC5E2A3521100051F80A /* ToolbarItems.swift in Sources */,
				432AFC5C2A351ACF0051F80A /* ContentViewModel.swift in Sources */,
				432AFC602A353F150051F80A /* Activity.swift in Sources */,
				437987522A3378B900D80AC4 /* GWActivitiesApp.swift in Sources */,
				437987692A337A6C00D80AC4 /* DayActivitiesView.swift in Sources */,
				43AFFE542A3692BE007D0C19 /* WeekActivitiesView.swift in Sources */,
				434136792A36E232000DE25D /* LoadingView.swift in Sources */,
				437987642A33791A00D80AC4 /* DayActivity.swift in Sources */,
				432B99182A3B673C00626248 /* Networking.swift in Sources */,
			);
			runOnlyForDeploymentPostprocessing = 0;
		};
		438C5C662A36C34000A37DA4 /* Sources */ = {
			isa = PBXSourcesBuildPhase;
			buildActionMask = 2147483647;
			files = (
				438C5C742A36C3B600A37DA4 /* ScraperTests.swift in Sources */,
				438C5C6D2A36C34000A37DA4 /* GWActivitiesTests.swift in Sources */,
			);
			runOnlyForDeploymentPostprocessing = 0;
		};
/* End PBXSourcesBuildPhase section */

/* Begin PBXTargetDependency section */
		438C5C6F2A36C34000A37DA4 /* PBXTargetDependency */ = {
			isa = PBXTargetDependency;
			target = 4379874D2A3378B900D80AC4 /* GWActivities */;
			targetProxy = 438C5C6E2A36C34000A37DA4 /* PBXContainerItemProxy */;
		};
/* End PBXTargetDependency section */

/* Begin XCBuildConfiguration section */
		4379875B2A3378BA00D80AC4 /* Debug */ = {
			isa = XCBuildConfiguration;
			buildSettings = {
				ALWAYS_SEARCH_USER_PATHS = NO;
				CLANG_ANALYZER_NONNULL = YES;
				CLANG_ANALYZER_NUMBER_OBJECT_CONVERSION = YES_AGGRESSIVE;
				CLANG_CXX_LANGUAGE_STANDARD = "gnu++20";
				CLANG_ENABLE_MODULES = YES;
				CLANG_ENABLE_OBJC_ARC = YES;
				CLANG_ENABLE_OBJC_WEAK = YES;
				CLANG_WARN_BLOCK_CAPTURE_AUTORELEASING = YES;
				CLANG_WARN_BOOL_CONVERSION = YES;
				CLANG_WARN_COMMA = YES;
				CLANG_WARN_CONSTANT_CONVERSION = YES;
				CLANG_WARN_DEPRECATED_OBJC_IMPLEMENTATIONS = YES;
				CLANG_WARN_DIRECT_OBJC_ISA_USAGE = YES_ERROR;
				CLANG_WARN_DOCUMENTATION_COMMENTS = YES;
				CLANG_WARN_EMPTY_BODY = YES;
				CLANG_WARN_ENUM_CONVERSION = YES;
				CLANG_WARN_INFINITE_RECURSION = YES;
				CLANG_WARN_INT_CONVERSION = YES;
				CLANG_WARN_NON_LITERAL_NULL_CONVERSION = YES;
				CLANG_WARN_OBJC_IMPLICIT_RETAIN_SELF = YES;
				CLANG_WARN_OBJC_LITERAL_CONVERSION = YES;
				CLANG_WARN_OBJC_ROOT_CLASS = YES_ERROR;
				CLANG_WARN_QUOTED_INCLUDE_IN_FRAMEWORK_HEADER = YES;
				CLANG_WARN_RANGE_LOOP_ANALYSIS = YES;
				CLANG_WARN_STRICT_PROTOTYPES = YES;
				CLANG_WARN_SUSPICIOUS_MOVE = YES;
				CLANG_WARN_UNGUARDED_AVAILABILITY = YES_AGGRESSIVE;
				CLANG_WARN_UNREACHABLE_CODE = YES;
				CLANG_WARN__DUPLICATE_METHOD_MATCH = YES;
				COPY_PHASE_STRIP = NO;
				DEBUG_INFORMATION_FORMAT = dwarf;
				ENABLE_STRICT_OBJC_MSGSEND = YES;
				ENABLE_TESTABILITY = YES;
				GCC_C_LANGUAGE_STANDARD = gnu11;
				GCC_DYNAMIC_NO_PIC = NO;
				GCC_NO_COMMON_BLOCKS = YES;
				GCC_OPTIMIZATION_LEVEL = 0;
				GCC_PREPROCESSOR_DEFINITIONS = (
					"DEBUG=1",
					"$(inherited)",
				);
				GCC_WARN_64_TO_32_BIT_CONVERSION = YES;
				GCC_WARN_ABOUT_RETURN_TYPE = YES_ERROR;
				GCC_WARN_UNDECLARED_SELECTOR = YES;
				GCC_WARN_UNINITIALIZED_AUTOS = YES_AGGRESSIVE;
				GCC_WARN_UNUSED_FUNCTION = YES;
				GCC_WARN_UNUSED_VARIABLE = YES;
				MACOSX_DEPLOYMENT_TARGET = 13.3;
				MTL_ENABLE_DEBUG_INFO = INCLUDE_SOURCE;
				MTL_FAST_MATH = YES;
				ONLY_ACTIVE_ARCH = YES;
				SDKROOT = macosx;
				SWIFT_ACTIVE_COMPILATION_CONDITIONS = DEBUG;
				SWIFT_OPTIMIZATION_LEVEL = "-Onone";
			};
			name = Debug;
		};
		4379875C2A3378BA00D80AC4 /* Release */ = {
			isa = XCBuildConfiguration;
			buildSettings = {
				ALWAYS_SEARCH_USER_PATHS = NO;
				CLANG_ANALYZER_NONNULL = YES;
				CLANG_ANALYZER_NUMBER_OBJECT_CONVERSION = YES_AGGRESSIVE;
				CLANG_CXX_LANGUAGE_STANDARD = "gnu++20";
				CLANG_ENABLE_MODULES = YES;
				CLANG_ENABLE_OBJC_ARC = YES;
				CLANG_ENABLE_OBJC_WEAK = YES;
				CLANG_WARN_BLOCK_CAPTURE_AUTORELEASING = YES;
				CLANG_WARN_BOOL_CONVERSION = YES;
				CLANG_WARN_COMMA = YES;
				CLANG_WARN_CONSTANT_CONVERSION = YES;
				CLANG_WARN_DEPRECATED_OBJC_IMPLEMENTATIONS = YES;
				CLANG_WARN_DIRECT_OBJC_ISA_USAGE = YES_ERROR;
				CLANG_WARN_DOCUMENTATION_COMMENTS = YES;
				CLANG_WARN_EMPTY_BODY = YES;
				CLANG_WARN_ENUM_CONVERSION = YES;
				CLANG_WARN_INFINITE_RECURSION = YES;
				CLANG_WARN_INT_CONVERSION = YES;
				CLANG_WARN_NON_LITERAL_NULL_CONVERSION = YES;
				CLANG_WARN_OBJC_IMPLICIT_RETAIN_SELF = YES;
				CLANG_WARN_OBJC_LITERAL_CONVERSION = YES;
				CLANG_WARN_OBJC_ROOT_CLASS = YES_ERROR;
				CLANG_WARN_QUOTED_INCLUDE_IN_FRAMEWORK_HEADER = YES;
				CLANG_WARN_RANGE_LOOP_ANALYSIS = YES;
				CLANG_WARN_STRICT_PROTOTYPES = YES;
				CLANG_WARN_SUSPICIOUS_MOVE = YES;
				CLANG_WARN_UNGUARDED_AVAILABILITY = YES_AGGRESSIVE;
				CLANG_WARN_UNREACHABLE_CODE = YES;
				CLANG_WARN__DUPLICATE_METHOD_MATCH = YES;
				COPY_PHASE_STRIP = NO;
				DEBUG_INFORMATION_FORMAT = "dwarf-with-dsym";
				ENABLE_NS_ASSERTIONS = NO;
				ENABLE_STRICT_OBJC_MSGSEND = YES;
				GCC_C_LANGUAGE_STANDARD = gnu11;
				GCC_NO_COMMON_BLOCKS = YES;
				GCC_WARN_64_TO_32_BIT_CONVERSION = YES;
				GCC_WARN_ABOUT_RETURN_TYPE = YES_ERROR;
				GCC_WARN_UNDECLARED_SELECTOR = YES;
				GCC_WARN_UNINITIALIZED_AUTOS = YES_AGGRESSIVE;
				GCC_WARN_UNUSED_FUNCTION = YES;
				GCC_WARN_UNUSED_VARIABLE = YES;
				MACOSX_DEPLOYMENT_TARGET = 13.3;
				MTL_ENABLE_DEBUG_INFO = NO;
				MTL_FAST_MATH = YES;
				SDKROOT = macosx;
				SWIFT_COMPILATION_MODE = wholemodule;
				SWIFT_OPTIMIZATION_LEVEL = "-O";
			};
			name = Release;
		};
		4379875E2A3378BA00D80AC4 /* Debug */ = {
			isa = XCBuildConfiguration;
			buildSettings = {
				ASSETCATALOG_COMPILER_APPICON_NAME = AppIcon;
				ASSETCATALOG_COMPILER_GLOBAL_ACCENT_COLOR_NAME = AccentColor;
				CODE_SIGN_ENTITLEMENTS = GWActivities/GWActivities.entitlements;
				CODE_SIGN_STYLE = Automatic;
				COMBINE_HIDPI_IMAGES = YES;
				CURRENT_PROJECT_VERSION = 1;
				DEVELOPMENT_ASSET_PATHS = "\"GWActivities/Preview Content\"";
				DEVELOPMENT_TEAM = W8A2PVHCN3;
				ENABLE_HARDENED_RUNTIME = YES;
				ENABLE_PREVIEWS = YES;
				GENERATE_INFOPLIST_FILE = YES;
				INFOPLIST_KEY_NSHumanReadableCopyright = "";
				LD_RUNPATH_SEARCH_PATHS = (
					"$(inherited)",
					"@executable_path/../Frameworks",
				);
				MARKETING_VERSION = 1.0;
				PRODUCT_BUNDLE_IDENTIFIER = fr.hludovic.GWActivities;
				PRODUCT_NAME = "$(TARGET_NAME)";
				SWIFT_EMIT_LOC_STRINGS = YES;
				SWIFT_VERSION = 5.0;
			};
			name = Debug;
		};
		4379875F2A3378BA00D80AC4 /* Release */ = {
			isa = XCBuildConfiguration;
			buildSettings = {
				ASSETCATALOG_COMPILER_APPICON_NAME = AppIcon;
				ASSETCATALOG_COMPILER_GLOBAL_ACCENT_COLOR_NAME = AccentColor;
				CODE_SIGN_ENTITLEMENTS = GWActivities/GWActivities.entitlements;
				CODE_SIGN_STYLE = Automatic;
				COMBINE_HIDPI_IMAGES = YES;
				CURRENT_PROJECT_VERSION = 1;
				DEVELOPMENT_ASSET_PATHS = "\"GWActivities/Preview Content\"";
				DEVELOPMENT_TEAM = W8A2PVHCN3;
				ENABLE_HARDENED_RUNTIME = YES;
				ENABLE_PREVIEWS = YES;
				GENERATE_INFOPLIST_FILE = YES;
				INFOPLIST_KEY_NSHumanReadableCopyright = "";
				LD_RUNPATH_SEARCH_PATHS = (
					"$(inherited)",
					"@executable_path/../Frameworks",
				);
				MARKETING_VERSION = 1.0;
				PRODUCT_BUNDLE_IDENTIFIER = fr.hludovic.GWActivities;
				PRODUCT_NAME = "$(TARGET_NAME)";
				SWIFT_EMIT_LOC_STRINGS = YES;
				SWIFT_VERSION = 5.0;
			};
			name = Release;
		};
		438C5C702A36C34000A37DA4 /* Debug */ = {
			isa = XCBuildConfiguration;
			buildSettings = {
				BUNDLE_LOADER = "$(TEST_HOST)";
				CODE_SIGN_STYLE = Automatic;
				CURRENT_PROJECT_VERSION = 1;
				DEVELOPMENT_TEAM = W8A2PVHCN3;
				GENERATE_INFOPLIST_FILE = YES;
				MARKETING_VERSION = 1.0;
				PRODUCT_BUNDLE_IDENTIFIER = fr.hludovic.GWActivitiesTests;
				PRODUCT_NAME = "$(TARGET_NAME)";
				SWIFT_EMIT_LOC_STRINGS = NO;
				SWIFT_VERSION = 5.0;
				TEST_HOST = "$(BUILT_PRODUCTS_DIR)/GWActivities.app/$(BUNDLE_EXECUTABLE_FOLDER_PATH)/GWActivities";
			};
			name = Debug;
		};
		438C5C712A36C34000A37DA4 /* Release */ = {
			isa = XCBuildConfiguration;
			buildSettings = {
				BUNDLE_LOADER = "$(TEST_HOST)";
				CODE_SIGN_STYLE = Automatic;
				CURRENT_PROJECT_VERSION = 1;
				DEVELOPMENT_TEAM = W8A2PVHCN3;
				GENERATE_INFOPLIST_FILE = YES;
				MARKETING_VERSION = 1.0;
				PRODUCT_BUNDLE_IDENTIFIER = fr.hludovic.GWActivitiesTests;
				PRODUCT_NAME = "$(TARGET_NAME)";
				SWIFT_EMIT_LOC_STRINGS = NO;
				SWIFT_VERSION = 5.0;
				TEST_HOST = "$(BUILT_PRODUCTS_DIR)/GWActivities.app/$(BUNDLE_EXECUTABLE_FOLDER_PATH)/GWActivities";
			};
			name = Release;
		};
/* End XCBuildConfiguration section */

/* Begin XCConfigurationList section */
		437987492A3378B900D80AC4 /* Build configuration list for PBXProject "GWActivities" */ = {
			isa = XCConfigurationList;
			buildConfigurations = (
				4379875B2A3378BA00D80AC4 /* Debug */,
				4379875C2A3378BA00D80AC4 /* Release */,
			);
			defaultConfigurationIsVisible = 0;
			defaultConfigurationName = Release;
		};
		4379875D2A3378BA00D80AC4 /* Build configuration list for PBXNativeTarget "GWActivities" */ = {
			isa = XCConfigurationList;
			buildConfigurations = (
				4379875E2A3378BA00D80AC4 /* Debug */,
				4379875F2A3378BA00D80AC4 /* Release */,
			);
			defaultConfigurationIsVisible = 0;
			defaultConfigurationName = Release;
		};
		438C5C722A36C34000A37DA4 /* Build configuration list for PBXNativeTarget "GWActivitiesTests" */ = {
			isa = XCConfigurationList;
			buildConfigurations = (
				438C5C702A36C34000A37DA4 /* Debug */,
				438C5C712A36C34000A37DA4 /* Release */,
			);
			defaultConfigurationIsVisible = 0;
			defaultConfigurationName = Release;
		};
/* End XCConfigurationList section */

/* Begin XCRemoteSwiftPackageReference section */
		4379876C2A337CEB00D80AC4 /* XCRemoteSwiftPackageReference "SwiftSoup" */ = {
			isa = XCRemoteSwiftPackageReference;
			repositoryURL = "https://github.com/scinfu/SwiftSoup";
			requirement = {
				kind = upToNextMajorVersion;
				minimumVersion = 2.0.0;
			};
		};
/* End XCRemoteSwiftPackageReference section */

/* Begin XCSwiftPackageProductDependency section */
		4379876D2A337CEB00D80AC4 /* SwiftSoup */ = {
			isa = XCSwiftPackageProductDependency;
			package = 4379876C2A337CEB00D80AC4 /* XCRemoteSwiftPackageReference "SwiftSoup" */;
			productName = SwiftSoup;
		};
/* End XCSwiftPackageProductDependency section */
	};
	rootObject = 437987462A3378B900D80AC4 /* Project object */;
}
